
Microsoft Visual Studio Solution File, Format Version 12.00
# Visual Studio Version 16
VisualStudioVersion = 16.0.30503.244
MinimumVisualStudioVersion = 10.0.40219.1
Project("{FAE04EC0-301F-11D3-BF4B-00C04F79EFBC}") = "SqlRapper.Core", "SqlRapper.Core.csproj", "{AE49ACF2-F245-45A6-9090-DDF6A4F93766}"
EndProject
Project("{FAE04EC0-301F-11D3-BF4B-00C04F79EFBC}") = "SqlRapper.Core.Tests", "..\SqlRapper.Core.Tests\SqlRapper.Core.Tests.csproj", "{8CB2F0A2-8025-4A89-A30D-462007A5A5CE}"
EndProject
Global
	GlobalSection(SolutionConfigurationPlatforms) = preSolution
		Debug|Any CPU = Debug|Any CPU
		Release|Any CPU = Release|Any CPU
	EndGlobalSection
	GlobalSection(ProjectConfigurationPlatforms) = postSolution
		{AE49ACF2-F245-45A6-9090-DDF6A4F93766}.Debug|Any CPU.ActiveCfg = Debug|Any CPU
		{AE49ACF2-F245-45A6-9090-DDF6A4F93766}.Debug|Any CPU.Build.0 = Debug|Any CPU
		{AE49ACF2-F245-45A6-9090-DDF6A4F93766}.Release|Any CPU.ActiveCfg = Release|Any CPU
		{AE49ACF2-F245-45A6-9090-DDF6A4F93766}.Release|Any CPU.Build.0 = Release|Any CPU
		{8CB2F0A2-8025-4A89-A30D-462007A5A5CE}.Debug|Any CPU.ActiveCfg = Debug|Any CPU
		{8CB2F0A2-8025-4A89-A30D-462007A5A5CE}.Debug|Any CPU.Build.0 = Debug|Any CPU
		{8CB2F0A2-8025-4A89-A30D-462007A5A5CE}.Release|Any CPU.ActiveCfg = Release|Any CPU
		{8CB2F0A2-8025-4A89-A30D-462007A5A5CE}.Release|Any CPU.Build.0 = Release|Any CPU
	EndGlobalSection
	GlobalSection(SolutionProperties) = preSolution
		HideSolutionNode = FALSE
	EndGlobalSection
	GlobalSection(ExtensibilityGlobals) = postSolution
		SolutionGuid = {229864FD-59CA-442F-8361-56E382C8D67B}
	EndGlobalSection
EndGlobal
